
Microsoft Visual Studio Solution File, Format Version 12.00
# Visual Studio 15
VisualStudioVersion = 15.0.28010.2048
MinimumVisualStudioVersion = 10.0.40219.1
Project("{FAE04EC0-301F-11D3-BF4B-00C04F79EFBC}") = "homework9", "homework9\homework9.csproj", "{A7C06106-347E-4E79-BA67-8DBA83912745}"
EndProject
Global
	GlobalSection(SolutionConfigurationPlatforms) = preSolution
		Debug|Any CPU = Debug|Any CPU
		Release|Any CPU = Release|Any CPU
	EndGlobalSection
	GlobalSection(ProjectConfigurationPlatforms) = postSolution
		{A7C06106-347E-4E79-BA67-8DBA83912745}.Debug|Any CPU.ActiveCfg = Debug|Any CPU
		{A7C06106-347E-4E79-BA67-8DBA83912745}.Debug|Any CPU.Build.0 = Debug|Any CPU
		{A7C06106-347E-4E79-BA67-8DBA83912745}.Release|Any CPU.ActiveCfg = Release|Any CPU
		{A7C06106-347E-4E79-BA67-8DBA83912745}.Release|Any CPU.Build.0 = Release|Any CPU
	EndGlobalSection
	GlobalSection(SolutionProperties) = preSolution
		HideSolutionNode = FALSE
	EndGlobalSection
	GlobalSection(ExtensibilityGlobals) = postSolution
		SolutionGuid = {4068E870-2AA6-4305-B07D-E7A37BE0A89B}
	EndGlobalSection
EndGlobal
